Microsoft Visual Studio Solution File, Format Version 12.00
# Visual Studio Version 17
VisualStudioVersion = 17.5.2.0
MinimumVisualStudioVersion = 10.0.40219.1
Project("{FAE04EC0-301F-11D3-BF4B-00C04F79EFBC}") = "CodigoPeca", "CodigoPeca\CodigoPeca.csproj", "{BCA2F81A-1B2C-1B59-6EF4-596E82A55FA6}"
EndProject
Project("{FAE04EC0-301F-11D3-BF4B-00C04F79EFBC}") = "SalarioFuncionario", "SalarioFuncionario\SalarioFuncionario.csproj", "{8A4901C9-FE82-736E-BD21-01CA71AEBF5E}"
EndProject
Global
	GlobalSection(SolutionConfigurationPlatforms) = preSolution
		Debug|Any CPU = Debug|Any CPU
		Release|Any CPU = Release|Any CPU
	EndGlobalSection
	GlobalSection(ProjectConfigurationPlatforms) = postSolution
		{BCA2F81A-1B2C-1B59-6EF4-596E82A55FA6}.Debug|Any CPU.ActiveCfg = Debug|Any CPU
		{BCA2F81A-1B2C-1B59-6EF4-596E82A55FA6}.Debug|Any CPU.Build.0 = Debug|Any CPU
		{BCA2F81A-1B2C-1B59-6EF4-596E82A55FA6}.Release|Any CPU.ActiveCfg = Release|Any CPU
		{BCA2F81A-1B2C-1B59-6EF4-596E82A55FA6}.Release|Any CPU.Build.0 = Release|Any CPU
		{8A4901C9-FE82-736E-BD21-01CA71AEBF5E}.Debug|Any CPU.ActiveCfg = Debug|Any CPU
		{8A4901C9-FE82-736E-BD21-01CA71AEBF5E}.Debug|Any CPU.Build.0 = Debug|Any CPU
		{8A4901C9-FE82-736E-BD21-01CA71AEBF5E}.Release|Any CPU.ActiveCfg = Release|Any CPU
		{8A4901C9-FE82-736E-BD21-01CA71AEBF5E}.Release|Any CPU.Build.0 = Release|Any CPU
	EndGlobalSection
	GlobalSection(SolutionProperties) = preSolution
		HideSolutionNode = FALSE
	EndGlobalSection
	GlobalSection(ExtensibilityGlobals) = postSolution
		SolutionGuid = {AEFD4F8A-0615-4747-B727-CC5401FB9A0F}
	EndGlobalSection
EndGlobal
